// !$*UTF8*$!
{
	archiveVersion = 1;
	classes = {
	};
	objectVersion = 54;
	objects = {

/* Begin PBXBuildFile section */
		00E356F31AD99517003FC87E /* tromboneTests.m in Sources */ = {isa = PBXBuildFile; fileRef = 00E356F21AD99517003FC87E /* tromboneTests.m */; };
		0C80B921A6F3F58F76C31292 /* libPods-trombone.a in Frameworks */ = {isa = PBXBuildFile; fileRef = 5DCACB8F33CDC322A6C60F78 /* libPods-trombone.a */; };
		13B07FBC1A68108700A75B9A /* AppDelegate.mm in Sources */ = {isa = PBXBuildFile; fileRef = 13B07FB01A68108700A75B9A /* AppDelegate.mm */; };
		13B07FBF1A68108700A75B9A /* Images.xcassets in Resources */ = {isa = PBXBuildFile; fileRef = 13B07FB51A68108700A75B9A /* Images.xcassets */; };
		13B07FC11A68108700A75B9A /* main.m in Sources */ = {isa = PBXBuildFile; fileRef = 13B07FB71A68108700A75B9A /* main.m */; };
		7699B88040F8A987B510C191 /* libPods-trombone-tromboneTests.a in Frameworks */ = {isa = PBXBuildFile; fileRef = 19F6CBCC0A4E27FBF8BF4A61 /* libPods-trombone-tromboneTests.a */; };
		81AB9BB82411601600AC10FF /* LaunchScreen.storyboard in Resources */ = {isa = PBXBuildFile; fileRef = 81AB9BB72411601600AC10FF /* LaunchScreen.storyboard */; };
		20ABB64353FA493F8A687906 /* Rubik-Italic-VariableFont_wght.ttf in Resources */ = {isa = PBXBuildFile; fileRef = A8564119605148A0A9DDA5AC /* Rubik-Italic-VariableFont_wght.ttf */; };
		817DFFD43CE84F26BC6A427A /* Rubik-VariableFont_wght.ttf in Resources */ = {isa = PBXBuildFile; fileRef = EB27FCDA8A174CDE8B0C628B /* Rubik-VariableFont_wght.ttf */; };
		8094CDE30E2D4AC6BDEEA4F6 /* Rubik-Black.ttf in Resources */ = {isa = PBXBuildFile; fileRef = 2EAFA0076B9B47648582E504 /* Rubik-Black.ttf */; };
		61D2147261B44957A6F9496B /* Rubik-BlackItalic.ttf in Resources */ = {isa = PBXBuildFile; fileRef = 0CD261624BE94354A35B46B1 /* Rubik-BlackItalic.ttf */; };
		3AB3DFBD7B44409DAF60F9E2 /* Rubik-Bold.ttf in Resources */ = {isa = PBXBuildFile; fileRef = D882A53288AE4BC598A4844D /* Rubik-Bold.ttf */; };
		832AEE736B2342D0A7C9C79D /* Rubik-BoldItalic.ttf in Resources */ = {isa = PBXBuildFile; fileRef = E08E862C1C194447ABE9D2EE /* Rubik-BoldItalic.ttf */; };
		EA567A9B243F4D6AA5254988 /* Rubik-ExtraBold.ttf in Resources */ = {isa = PBXBuildFile; fileRef = 54FB8DDB91114C02A20D768D /* Rubik-ExtraBold.ttf */; };
		251F7B78B6E64AFD802A3A8A /* Rubik-ExtraBoldItalic.ttf in Resources */ = {isa = PBXBuildFile; fileRef = FCA6B31B5AFB4B04B1D6C62A /* Rubik-ExtraBoldItalic.ttf */; };
		FCCAFFB1D93A41DF9A881D91 /* Rubik-Italic.ttf in Resources */ = {isa = PBXBuildFile; fileRef = 1A72E695C2124F27B4E168C6 /* Rubik-Italic.ttf */; };
		90442A88CAB04175944FCBA3 /* Rubik-Light.ttf in Resources */ = {isa = PBXBuildFile; fileRef = AE6868DE5DE14DD99A94A947 /* Rubik-Light.ttf */; };
		858BF47A8B23409DBA49400C /* Rubik-LightItalic.ttf in Resources */ = {isa = PBXBuildFile; fileRef = ADED6F3F6779476181BCD967 /* Rubik-LightItalic.ttf */; };
		5D6D639D69724F6D887F73E2 /* Rubik-Medium.ttf in Resources */ = {isa = PBXBuildFile; fileRef = FC5E30B4A3A34892906FBA0B /* Rubik-Medium.ttf */; };
		A338F4191C054143BEFEF485 /* Rubik-MediumItalic.ttf in Resources */ = {isa = PBXBuildFile; fileRef = EC917895E64C4B9A827FEA56 /* Rubik-MediumItalic.ttf */; };
		37F249CC281B42C196749550 /* Rubik-Regular.ttf in Resources */ = {isa = PBXBuildFile; fileRef = 2AE2D5ECC4A847B88C563DD6 /* Rubik-Regular.ttf */; };
		A2001A99B6E242A8BCBDE5E4 /* Rubik-SemiBold.ttf in Resources */ = {isa = PBXBuildFile; fileRef = 7E59D3A8CE9F43848013D205 /* Rubik-SemiBold.ttf */; };
		64CE88FBD62249678A826C0C /* Rubik-SemiBoldItalic.ttf in Resources */ = {isa = PBXBuildFile; fileRef = A799608A9A2244B5A8652C3A /* Rubik-SemiBoldItalic.ttf */; };
		A11BED38C9164F94B5892A12 /* OFL.txt in Resources */ = {isa = PBXBuildFile; fileRef = 08C87D2D1BB5482ABB2F824B /* OFL.txt */; };
		7CA3D7A600144CB7AA8C40DB /* README.txt in Resources */ = {isa = PBXBuildFile; fileRef = BFFD42E72E3643258552F2D4 /* README.txt */; };
		BC860D82AC514A4AB3E77178 /* Rubik.zip in Resources */ = {isa = PBXBuildFile; fileRef = 09B6000462C241D09C4A06F5 /* Rubik.zip */; };
/* End PBXBuildFile section */

/* Begin PBXContainerItemProxy section */
		00E356F41AD99517003FC87E /* PBXContainerItemProxy */ = {
			isa = PBXContainerItemProxy;
			containerPortal = 83CBB9F71A601CBA00E9B192 /* Project object */;
			proxyType = 1;
			remoteGlobalIDString = 13B07F861A680F5B00A75B9A;
			remoteInfo = trombone;
		};
/* End PBXContainerItemProxy section */

/* Begin PBXFileReference section */
		00E356EE1AD99517003FC87E /* tromboneTests.xctest */ = {isa = PBXFileReference; explicitFileType = wrapper.cfbundle; includeInIndex = 0; path = tromboneTests.xctest; sourceTree = BUILT_PRODUCTS_DIR; };
		00E356F11AD99517003FC87E /* Info.plist */ = {isa = PBXFileReference; lastKnownFileType = text.plist.xml; path = Info.plist; sourceTree = "<group>"; };
		00E356F21AD99517003FC87E /* tromboneTests.m */ = {isa = PBXFileReference; lastKnownFileType = sourcecode.c.objc; path = tromboneTests.m; sourceTree = "<group>"; };
		13B07F961A680F5B00A75B9A /* trombone.app */ = {isa = PBXFileReference; explicitFileType = wrapper.application; includeInIndex = 0; path = trombone.app; sourceTree = BUILT_PRODUCTS_DIR; };
		13B07FAF1A68108700A75B9A /* AppDelegate.h */ = {isa = PBXFileReference; fileEncoding = 4; lastKnownFileType = sourcecode.c.h; name = AppDelegate.h; path = trombone/AppDelegate.h; sourceTree = "<group>"; };
		13B07FB01A68108700A75B9A /* AppDelegate.mm */ = {isa = PBXFileReference; fileEncoding = 4; lastKnownFileType = sourcecode.cpp.objcpp; name = AppDelegate.mm; path = trombone/AppDelegate.mm; sourceTree = "<group>"; };
		13B07FB51A68108700A75B9A /* Images.xcassets */ = {isa = PBXFileReference; lastKnownFileType = folder.assetcatalog; name = Images.xcassets; path = trombone/Images.xcassets; sourceTree = "<group>"; };
		13B07FB61A68108700A75B9A /* Info.plist */ = {isa = PBXFileReference; fileEncoding = 4; lastKnownFileType = text.plist.xml; name = Info.plist; path = trombone/Info.plist; sourceTree = "<group>"; };
		13B07FB71A68108700A75B9A /* main.m */ = {isa = PBXFileReference; fileEncoding = 4; lastKnownFileType = sourcecode.c.objc; name = main.m; path = trombone/main.m; sourceTree = "<group>"; };
		19F6CBCC0A4E27FBF8BF4A61 /* libPods-trombone-tromboneTests.a */ = {isa = PBXFileReference; explicitFileType = archive.ar; includeInIndex = 0; path = "libPods-trombone-tromboneTests.a"; sourceTree = BUILT_PRODUCTS_DIR; };
		3B4392A12AC88292D35C810B /* Pods-trombone.debug.xcconfig */ = {isa = PBXFileReference; includeInIndex = 1; lastKnownFileType = text.xcconfig; name = "Pods-trombone.debug.xcconfig"; path = "Target Support Files/Pods-trombone/Pods-trombone.debug.xcconfig"; sourceTree = "<group>"; };
		5709B34CF0A7D63546082F79 /* Pods-trombone.release.xcconfig */ = {isa = PBXFileReference; includeInIndex = 1; lastKnownFileType = text.xcconfig; name = "Pods-trombone.release.xcconfig"; path = "Target Support Files/Pods-trombone/Pods-trombone.release.xcconfig"; sourceTree = "<group>"; };
		5B7EB9410499542E8C5724F5 /* Pods-trombone-tromboneTests.debug.xcconfig */ = {isa = PBXFileReference; includeInIndex = 1; lastKnownFileType = text.xcconfig; name = "Pods-trombone-tromboneTests.debug.xcconfig"; path = "Target Support Files/Pods-trombone-tromboneTests/Pods-trombone-tromboneTests.debug.xcconfig"; sourceTree = "<group>"; };
		5DCACB8F33CDC322A6C60F78 /* libPods-trombone.a */ = {isa = PBXFileReference; explicitFileType = archive.ar; includeInIndex = 0; path = "libPods-trombone.a"; sourceTree = BUILT_PRODUCTS_DIR; };
		81AB9BB72411601600AC10FF /* LaunchScreen.storyboard */ = {isa = PBXFileReference; fileEncoding = 4; lastKnownFileType = file.storyboard; name = LaunchScreen.storyboard; path = trombone/LaunchScreen.storyboard; sourceTree = "<group>"; };
		89C6BE57DB24E9ADA2F236DE /* Pods-trombone-tromboneTests.release.xcconfig */ = {isa = PBXFileReference; includeInIndex = 1; lastKnownFileType = text.xcconfig; name = "Pods-trombone-tromboneTests.release.xcconfig"; path = "Target Support Files/Pods-trombone-tromboneTests/Pods-trombone-tromboneTests.release.xcconfig"; sourceTree = "<group>"; };
		ED297162215061F000B7C4FE /* JavaScriptCore.framework */ = {isa = PBXFileReference; lastKnownFileType = wrapper.framework; name = JavaScriptCore.framework; path = System/Library/Frameworks/JavaScriptCore.framework; sourceTree = SDKROOT; };
		A8564119605148A0A9DDA5AC /* Rubik-Italic-VariableFont_wght.ttf */ = {isa = PBXFileReference; name = "Rubik-Italic-VariableFont_wght.ttf"; path = "../assets/fonts/Rubik-Italic-VariableFont_wght.ttf"; sourceTree = "<group>"; fileEncoding = undefined; lastKnownFileType = unknown; explicitFileType = undefined; includeInIndex = 0; };
		EB27FCDA8A174CDE8B0C628B /* Rubik-VariableFont_wght.ttf */ = {isa = PBXFileReference; name = "Rubik-VariableFont_wght.ttf"; path = "../assets/fonts/Rubik-VariableFont_wght.ttf"; sourceTree = "<group>"; fileEncoding = undefined; lastKnownFileType = unknown; explicitFileType = undefined; includeInIndex = 0; };
		2EAFA0076B9B47648582E504 /* Rubik-Black.ttf */ = {isa = PBXFileReference; name = "Rubik-Black.ttf"; path = "../assets/fonts/static/Rubik-Black.ttf"; sourceTree = "<group>"; fileEncoding = undefined; lastKnownFileType = unknown; explicitFileType = undefined; includeInIndex = 0; };
		0CD261624BE94354A35B46B1 /* Rubik-BlackItalic.ttf */ = {isa = PBXFileReference; name = "Rubik-BlackItalic.ttf"; path = "../assets/fonts/static/Rubik-BlackItalic.ttf"; sourceTree = "<group>"; fileEncoding = undefined; lastKnownFileType = unknown; explicitFileType = undefined; includeInIndex = 0; };
		D882A53288AE4BC598A4844D /* Rubik-Bold.ttf */ = {isa = PBXFileReference; name = "Rubik-Bold.ttf"; path = "../assets/fonts/static/Rubik-Bold.ttf"; sourceTree = "<group>"; fileEncoding = undefined; lastKnownFileType = unknown; explicitFileType = undefined; includeInIndex = 0; };
		E08E862C1C194447ABE9D2EE /* Rubik-BoldItalic.ttf */ = {isa = PBXFileReference; name = "Rubik-BoldItalic.ttf"; path = "../assets/fonts/static/Rubik-BoldItalic.ttf"; sourceTree = "<group>"; fileEncoding = undefined; lastKnownFileType = unknown; explicitFileType = undefined; includeInIndex = 0; };
		54FB8DDB91114C02A20D768D /* Rubik-ExtraBold.ttf */ = {isa = PBXFileReference; name = "Rubik-ExtraBold.ttf"; path = "../assets/fonts/static/Rubik-ExtraBold.ttf"; sourceTree = "<group>"; fileEncoding = undefined; lastKnownFileType = unknown; explicitFileType = undefined; includeInIndex = 0; };
		FCA6B31B5AFB4B04B1D6C62A /* Rubik-ExtraBoldItalic.ttf */ = {isa = PBXFileReference; name = "Rubik-ExtraBoldItalic.ttf"; path = "../assets/fonts/static/Rubik-ExtraBoldItalic.ttf"; sourceTree = "<group>"; fileEncoding = undefined; lastKnownFileType = unknown; explicitFileType = undefined; includeInIndex = 0; };
		1A72E695C2124F27B4E168C6 /* Rubik-Italic.ttf */ = {isa = PBXFileReference; name = "Rubik-Italic.ttf"; path = "../assets/fonts/static/Rubik-Italic.ttf"; sourceTree = "<group>"; fileEncoding = undefined; lastKnownFileType = unknown; explicitFileType = undefined; includeInIndex = 0; };
		AE6868DE5DE14DD99A94A947 /* Rubik-Light.ttf */ = {isa = PBXFileReference; name = "Rubik-Light.ttf"; path = "../assets/fonts/static/Rubik-Light.ttf"; sourceTree = "<group>"; fileEncoding = undefined; lastKnownFileType = unknown; explicitFileType = undefined; includeInIndex = 0; };
		ADED6F3F6779476181BCD967 /* Rubik-LightItalic.ttf */ = {isa = PBXFileReference; name = "Rubik-LightItalic.ttf"; path = "../assets/fonts/static/Rubik-LightItalic.ttf"; sourceTree = "<group>"; fileEncoding = undefined; lastKnownFileType = unknown; explicitFileType = undefined; includeInIndex = 0; };
		FC5E30B4A3A34892906FBA0B /* Rubik-Medium.ttf */ = {isa = PBXFileReference; name = "Rubik-Medium.ttf"; path = "../assets/fonts/static/Rubik-Medium.ttf"; sourceTree = "<group>"; fileEncoding = undefined; lastKnownFileType = unknown; explicitFileType = undefined; includeInIndex = 0; };
		EC917895E64C4B9A827FEA56 /* Rubik-MediumItalic.ttf */ = {isa = PBXFileReference; name = "Rubik-MediumItalic.ttf"; path = "../assets/fonts/static/Rubik-MediumItalic.ttf"; sourceTree = "<group>"; fileEncoding = undefined; lastKnownFileType = unknown; explicitFileType = undefined; includeInIndex = 0; };
		2AE2D5ECC4A847B88C563DD6 /* Rubik-Regular.ttf */ = {isa = PBXFileReference; name = "Rubik-Regular.ttf"; path = "../assets/fonts/static/Rubik-Regular.ttf"; sourceTree = "<group>"; fileEncoding = undefined; lastKnownFileType = unknown; explicitFileType = undefined; includeInIndex = 0; };
		7E59D3A8CE9F43848013D205 /* Rubik-SemiBold.ttf */ = {isa = PBXFileReference; name = "Rubik-SemiBold.ttf"; path = "../assets/fonts/static/Rubik-SemiBold.ttf"; sourceTree = "<group>"; fileEncoding = undefined; lastKnownFileType = unknown; explicitFileType = undefined; includeInIndex = 0; };
		A799608A9A2244B5A8652C3A /* Rubik-SemiBoldItalic.ttf */ = {isa = PBXFileReference; name = "Rubik-SemiBoldItalic.ttf"; path = "../assets/fonts/static/Rubik-SemiBoldItalic.ttf"; sourceTree = "<group>"; fileEncoding = undefined; lastKnownFileType = unknown; explicitFileType = undefined; includeInIndex = 0; };
		08C87D2D1BB5482ABB2F824B /* OFL.txt */ = {isa = PBXFileReference; name = "OFL.txt"; path = "../assets/fonts/OFL.txt"; sourceTree = "<group>"; fileEncoding = undefined; lastKnownFileType = unknown; explicitFileType = undefined; includeInIndex = 0; };
		BFFD42E72E3643258552F2D4 /* README.txt */ = {isa = PBXFileReference; name = "README.txt"; path = "../assets/fonts/README.txt"; sourceTree = "<group>"; fileEncoding = undefined; lastKnownFileType = unknown; explicitFileType = undefined; includeInIndex = 0; };
		09B6000462C241D09C4A06F5 /* Rubik.zip */ = {isa = PBXFileReference; name = "Rubik.zip"; path = "../assets/fonts/Rubik.zip"; sourceTree = "<group>"; fileEncoding = undefined; lastKnownFileType = unknown; explicitFileType = undefined; includeInIndex = 0; };
/* End PBXFileReference section */

/* Begin PBXFrameworksBuildPhase section */
		00E356EB1AD99517003FC87E /* Frameworks */ = {
			isa = PBXFrameworksBuildPhase;
			buildActionMask = 2147483647;
			files = (
				7699B88040F8A987B510C191 /* libPods-trombone-tromboneTests.a in Frameworks */,
			);
			runOnlyForDeploymentPostprocessing = 0;
		};
		13B07F8C1A680F5B00A75B9A /* Frameworks */ = {
			isa = PBXFrameworksBuildPhase;
			buildActionMask = 2147483647;
			files = (
				0C80B921A6F3F58F76C31292 /* libPods-trombone.a in Frameworks */,
			);
			runOnlyForDeploymentPostprocessing = 0;
		};
/* End PBXFrameworksBuildPhase section */

/* Begin PBXGroup section */
		00E356EF1AD99517003FC87E /* tromboneTests */ = {
			isa = PBXGroup;
			children = (
				00E356F21AD99517003FC87E /* tromboneTests.m */,
				00E356F01AD99517003FC87E /* Supporting Files */,
			);
			path = tromboneTests;
			sourceTree = "<group>";
		};
		00E356F01AD99517003FC87E /* Supporting Files */ = {
			isa = PBXGroup;
			children = (
				00E356F11AD99517003FC87E /* Info.plist */,
			);
			name = "Supporting Files";
			sourceTree = "<group>";
		};
		13B07FAE1A68108700A75B9A /* trombone */ = {
			isa = PBXGroup;
			children = (
				13B07FAF1A68108700A75B9A /* AppDelegate.h */,
				13B07FB01A68108700A75B9A /* AppDelegate.mm */,
				13B07FB51A68108700A75B9A /* Images.xcassets */,
				13B07FB61A68108700A75B9A /* Info.plist */,
				81AB9BB72411601600AC10FF /* LaunchScreen.storyboard */,
				13B07FB71A68108700A75B9A /* main.m */,
			);
			name = trombone;
			sourceTree = "<group>";
		};
		2D16E6871FA4F8E400B85C8A /* Frameworks */ = {
			isa = PBXGroup;
			children = (
				ED297162215061F000B7C4FE /* JavaScriptCore.framework */,
				5DCACB8F33CDC322A6C60F78 /* libPods-trombone.a */,
				19F6CBCC0A4E27FBF8BF4A61 /* libPods-trombone-tromboneTests.a */,
			);
			name = Frameworks;
			sourceTree = "<group>";
		};
		832341AE1AAA6A7D00B99B32 /* Libraries */ = {
			isa = PBXGroup;
			children = (
			);
			name = Libraries;
			sourceTree = "<group>";
		};
		83CBB9F61A601CBA00E9B192 = {
			isa = PBXGroup;
			children = (
				13B07FAE1A68108700A75B9A /* trombone */,
				832341AE1AAA6A7D00B99B32 /* Libraries */,
				00E356EF1AD99517003FC87E /* tromboneTests */,
				83CBBA001A601CBA00E9B192 /* Products */,
				2D16E6871FA4F8E400B85C8A /* Frameworks */,
				BBD78D7AC51CEA395F1C20DB /* Pods */,
				0466C909B54C40F7BDD70B01 /* Resources */,
			);
			indentWidth = 2;
			sourceTree = "<group>";
			tabWidth = 2;
			usesTabs = 0;
		};
		83CBBA001A601CBA00E9B192 /* Products */ = {
			isa = PBXGroup;
			children = (
				13B07F961A680F5B00A75B9A /* trombone.app */,
				00E356EE1AD99517003FC87E /* tromboneTests.xctest */,
			);
			name = Products;
			sourceTree = "<group>";
		};
		BBD78D7AC51CEA395F1C20DB /* Pods */ = {
			isa = PBXGroup;
			children = (
				3B4392A12AC88292D35C810B /* Pods-trombone.debug.xcconfig */,
				5709B34CF0A7D63546082F79 /* Pods-trombone.release.xcconfig */,
				5B7EB9410499542E8C5724F5 /* Pods-trombone-tromboneTests.debug.xcconfig */,
				89C6BE57DB24E9ADA2F236DE /* Pods-trombone-tromboneTests.release.xcconfig */,
			);
			path = Pods;
			sourceTree = "<group>";
		};
		0466C909B54C40F7BDD70B01 /* Resources */ = {
			isa = "PBXGroup";
			children = (
				A8564119605148A0A9DDA5AC /* Rubik-Italic-VariableFont_wght.ttf */,
				EB27FCDA8A174CDE8B0C628B /* Rubik-VariableFont_wght.ttf */,
				2EAFA0076B9B47648582E504 /* Rubik-Black.ttf */,
				0CD261624BE94354A35B46B1 /* Rubik-BlackItalic.ttf */,
				D882A53288AE4BC598A4844D /* Rubik-Bold.ttf */,
				E08E862C1C194447ABE9D2EE /* Rubik-BoldItalic.ttf */,
				54FB8DDB91114C02A20D768D /* Rubik-ExtraBold.ttf */,
				FCA6B31B5AFB4B04B1D6C62A /* Rubik-ExtraBoldItalic.ttf */,
				1A72E695C2124F27B4E168C6 /* Rubik-Italic.ttf */,
				AE6868DE5DE14DD99A94A947 /* Rubik-Light.ttf */,
				ADED6F3F6779476181BCD967 /* Rubik-LightItalic.ttf */,
				FC5E30B4A3A34892906FBA0B /* Rubik-Medium.ttf */,
				EC917895E64C4B9A827FEA56 /* Rubik-MediumItalic.ttf */,
				2AE2D5ECC4A847B88C563DD6 /* Rubik-Regular.ttf */,
				7E59D3A8CE9F43848013D205 /* Rubik-SemiBold.ttf */,
				A799608A9A2244B5A8652C3A /* Rubik-SemiBoldItalic.ttf */,
				08C87D2D1BB5482ABB2F824B /* OFL.txt */,
				BFFD42E72E3643258552F2D4 /* README.txt */,
				09B6000462C241D09C4A06F5 /* Rubik.zip */,
			);
			name = Resources;
			sourceTree = "<group>";
			path = "";
		};
/* End PBXGroup section */

/* Begin PBXNativeTarget section */
		00E356ED1AD99517003FC87E /* tromboneTests */ = {
			isa = PBXNativeTarget;
			buildConfigurationList = 00E357021AD99517003FC87E /* Build configuration list for PBXNativeTarget "tromboneTests" */;
			buildPhases = (
				A55EABD7B0C7F3A422A6CC61 /* [CP] Check Pods Manifest.lock */,
				00E356EA1AD99517003FC87E /* Sources */,
				00E356EB1AD99517003FC87E /* Frameworks */,
				00E356EC1AD99517003FC87E /* Resources */,
				C59DA0FBD6956966B86A3779 /* [CP] Embed Pods Frameworks */,
				F6A41C54EA430FDDC6A6ED99 /* [CP] Copy Pods Resources */,
			);
			buildRules = (
			);
			dependencies = (
				00E356F51AD99517003FC87E /* PBXTargetDependency */,
			);
			name = tromboneTests;
			productName = tromboneTests;
			productReference = 00E356EE1AD99517003FC87E /* tromboneTests.xctest */;
			productType = "com.apple.product-type.bundle.unit-test";
		};
		13B07F861A680F5B00A75B9A /* trombone */ = {
			isa = PBXNativeTarget;
			buildConfigurationList = 13B07F931A680F5B00A75B9A /* Build configuration list for PBXNativeTarget "trombone" */;
			buildPhases = (
				C38B50BA6285516D6DCD4F65 /* [CP] Check Pods Manifest.lock */,
				FD10A7F022414F080027D42C /* Start Packager */,
				13B07F871A680F5B00A75B9A /* Sources */,
				13B07F8C1A680F5B00A75B9A /* Frameworks */,
				13B07F8E1A680F5B00A75B9A /* Resources */,
				00DD1BFF1BD5951E006B06BC /* Bundle React Native code and images */,
				00EEFC60759A1932668264C0 /* [CP] Embed Pods Frameworks */,
				E235C05ADACE081382539298 /* [CP] Copy Pods Resources */,
			);
			buildRules = (
			);
			dependencies = (
			);
			name = trombone;
			productName = trombone;
			productReference = 13B07F961A680F5B00A75B9A /* trombone.app */;
			productType = "com.apple.product-type.application";
		};
/* End PBXNativeTarget section */

/* Begin PBXProject section */
		83CBB9F71A601CBA00E9B192 /* Project object */ = {
			isa = PBXProject;
			attributes = {
				LastUpgradeCheck = 1210;
				TargetAttributes = {
					00E356ED1AD99517003FC87E = {
						CreatedOnToolsVersion = 6.2;
						TestTargetID = 13B07F861A680F5B00A75B9A;
					};
					13B07F861A680F5B00A75B9A = {
						LastSwiftMigration = 1120;
					};
				};
			};
			buildConfigurationList = 83CBB9FA1A601CBA00E9B192 /* Build configuration list for PBXProject "trombone" */;
			compatibilityVersion = "Xcode 12.0";
			developmentRegion = en;
			hasScannedForEncodings = 0;
			knownRegions = (
				en,
				Base,
			);
			mainGroup = 83CBB9F61A601CBA00E9B192;
			productRefGroup = 83CBBA001A601CBA00E9B192 /* Products */;
			projectDirPath = "";
			projectRoot = "";
			targets = (
				13B07F861A680F5B00A75B9A /* trombone */,
				00E356ED1AD99517003FC87E /* tromboneTests */,
			);
		};
/* End PBXProject section */

/* Begin PBXResourcesBuildPhase section */
		00E356EC1AD99517003FC87E /* Resources */ = {
			isa = PBXResourcesBuildPhase;
			buildActionMask = 2147483647;
			files = (
			);
			runOnlyForDeploymentPostprocessing = 0;
		};
		13B07F8E1A680F5B00A75B9A /* Resources */ = {
			isa = PBXResourcesBuildPhase;
			buildActionMask = 2147483647;
			files = (
				81AB9BB82411601600AC10FF /* LaunchScreen.storyboard in Resources */,
				13B07FBF1A68108700A75B9A /* Images.xcassets in Resources */,
				20ABB64353FA493F8A687906 /* Rubik-Italic-VariableFont_wght.ttf in Resources */,
				817DFFD43CE84F26BC6A427A /* Rubik-VariableFont_wght.ttf in Resources */,
				8094CDE30E2D4AC6BDEEA4F6 /* Rubik-Black.ttf in Resources */,
				61D2147261B44957A6F9496B /* Rubik-BlackItalic.ttf in Resources */,
				3AB3DFBD7B44409DAF60F9E2 /* Rubik-Bold.ttf in Resources */,
				832AEE736B2342D0A7C9C79D /* Rubik-BoldItalic.ttf in Resources */,
				EA567A9B243F4D6AA5254988 /* Rubik-ExtraBold.ttf in Resources */,
				251F7B78B6E64AFD802A3A8A /* Rubik-ExtraBoldItalic.ttf in Resources */,
				FCCAFFB1D93A41DF9A881D91 /* Rubik-Italic.ttf in Resources */,
				90442A88CAB04175944FCBA3 /* Rubik-Light.ttf in Resources */,
				858BF47A8B23409DBA49400C /* Rubik-LightItalic.ttf in Resources */,
				5D6D639D69724F6D887F73E2 /* Rubik-Medium.ttf in Resources */,
				A338F4191C054143BEFEF485 /* Rubik-MediumItalic.ttf in Resources */,
				37F249CC281B42C196749550 /* Rubik-Regular.ttf in Resources */,
				A2001A99B6E242A8BCBDE5E4 /* Rubik-SemiBold.ttf in Resources */,
				64CE88FBD62249678A826C0C /* Rubik-SemiBoldItalic.ttf in Resources */,
				A11BED38C9164F94B5892A12 /* OFL.txt in Resources */,
				7CA3D7A600144CB7AA8C40DB /* README.txt in Resources */,
				BC860D82AC514A4AB3E77178 /* Rubik.zip in Resources */,
			);
			runOnlyForDeploymentPostprocessing = 0;
		};
/* End PBXResourcesBuildPhase section */

/* Begin PBXShellScriptBuildPhase section */
		00DD1BFF1BD5951E006B06BC /* Bundle React Native code and images */ = {
			isa = PBXShellScriptBuildPhase;
			buildActionMask = 2147483647;
			files = (
			);
			inputPaths = (
				"$(SRCROOT)/.xcode.env.local",
				"$(SRCROOT)/.xcode.env",
			);
			name = "Bundle React Native code and images";
			outputPaths = (
			);
			runOnlyForDeploymentPostprocessing = 0;
			shellPath = /bin/sh;
			shellScript = "set -e\n\nWITH_ENVIRONMENT=\"../node_modules/react-native/scripts/xcode/with-environment.sh\"\nREACT_NATIVE_XCODE=\"../node_modules/react-native/scripts/react-native-xcode.sh\"\n\n/bin/sh -c \"$WITH_ENVIRONMENT $REACT_NATIVE_XCODE\"\n";
		};
		00EEFC60759A1932668264C0 /* [CP] Embed Pods Frameworks */ = {
			isa = PBXShellScriptBuildPhase;
			buildActionMask = 2147483647;
			files = (
			);
			inputFileListPaths = (
				"${PODS_ROOT}/Target Support Files/Pods-trombone/Pods-trombone-frameworks-${CONFIGURATION}-input-files.xcfilelist",
			);
			name = "[CP] Embed Pods Frameworks";
			outputFileListPaths = (
				"${PODS_ROOT}/Target Support Files/Pods-trombone/Pods-trombone-frameworks-${CONFIGURATION}-output-files.xcfilelist",
			);
			runOnlyForDeploymentPostprocessing = 0;
			shellPath = /bin/sh;
			shellScript = "\"${PODS_ROOT}/Target Support Files/Pods-trombone/Pods-trombone-frameworks.sh\"\n";
			showEnvVarsInLog = 0;
		};
		A55EABD7B0C7F3A422A6CC61 /* [CP] Check Pods Manifest.lock */ = {
			isa = PBXShellScriptBuildPhase;
			buildActionMask = 2147483647;
			files = (
			);
			inputFileListPaths = (
			);
			inputPaths = (
				"${PODS_PODFILE_DIR_PATH}/Podfile.lock",
				"${PODS_ROOT}/Manifest.lock",
			);
			name = "[CP] Check Pods Manifest.lock";
			outputFileListPaths = (
			);
			outputPaths = (
				"$(DERIVED_FILE_DIR)/Pods-trombone-tromboneTests-checkManifestLockResult.txt",
			);
			runOnlyForDeploymentPostprocessing = 0;
			shellPath = /bin/sh;
			shellScript = "diff \"${PODS_PODFILE_DIR_PATH}/Podfile.lock\" \"${PODS_ROOT}/Manifest.lock\" > /dev/null\nif [ $? != 0 ] ; then\n    # print error to STDERR\n    echo \"error: The sandbox is not in sync with the Podfile.lock. Run 'pod install' or update your CocoaPods installation.\" >&2\n    exit 1\nfi\n# This output is used by Xcode 'outputs' to avoid re-running this script phase.\necho \"SUCCESS\" > \"${SCRIPT_OUTPUT_FILE_0}\"\n";
			showEnvVarsInLog = 0;
		};
		C38B50BA6285516D6DCD4F65 /* [CP] Check Pods Manifest.lock */ = {
			isa = PBXShellScriptBuildPhase;
			buildActionMask = 2147483647;
			files = (
			);
			inputFileListPaths = (
			);
			inputPaths = (
				"${PODS_PODFILE_DIR_PATH}/Podfile.lock",
				"${PODS_ROOT}/Manifest.lock",
			);
			name = "[CP] Check Pods Manifest.lock";
			outputFileListPaths = (
			);
			outputPaths = (
				"$(DERIVED_FILE_DIR)/Pods-trombone-checkManifestLockResult.txt",
			);
			runOnlyForDeploymentPostprocessing = 0;
			shellPath = /bin/sh;
			shellScript = "diff \"${PODS_PODFILE_DIR_PATH}/Podfile.lock\" \"${PODS_ROOT}/Manifest.lock\" > /dev/null\nif [ $? != 0 ] ; then\n    # print error to STDERR\n    echo \"error: The sandbox is not in sync with the Podfile.lock. Run 'pod install' or update your CocoaPods installation.\" >&2\n    exit 1\nfi\n# This output is used by Xcode 'outputs' to avoid re-running this script phase.\necho \"SUCCESS\" > \"${SCRIPT_OUTPUT_FILE_0}\"\n";
			showEnvVarsInLog = 0;
		};
		C59DA0FBD6956966B86A3779 /* [CP] Embed Pods Frameworks */ = {
			isa = PBXShellScriptBuildPhase;
			buildActionMask = 2147483647;
			files = (
			);
			inputFileListPaths = (
				"${PODS_ROOT}/Target Support Files/Pods-trombone-tromboneTests/Pods-trombone-tromboneTests-frameworks-${CONFIGURATION}-input-files.xcfilelist",
			);
			name = "[CP] Embed Pods Frameworks";
			outputFileListPaths = (
				"${PODS_ROOT}/Target Support Files/Pods-trombone-tromboneTests/Pods-trombone-tromboneTests-frameworks-${CONFIGURATION}-output-files.xcfilelist",
			);
			runOnlyForDeploymentPostprocessing = 0;
			shellPath = /bin/sh;
			shellScript = "\"${PODS_ROOT}/Target Support Files/Pods-trombone-tromboneTests/Pods-trombone-tromboneTests-frameworks.sh\"\n";
			showEnvVarsInLog = 0;
		};
		E235C05ADACE081382539298 /* [CP] Copy Pods Resources */ = {
			isa = PBXShellScriptBuildPhase;
			buildActionMask = 2147483647;
			files = (
			);
			inputFileListPaths = (
				"${PODS_ROOT}/Target Support Files/Pods-trombone/Pods-trombone-resources-${CONFIGURATION}-input-files.xcfilelist",
			);
			name = "[CP] Copy Pods Resources";
			outputFileListPaths = (
				"${PODS_ROOT}/Target Support Files/Pods-trombone/Pods-trombone-resources-${CONFIGURATION}-output-files.xcfilelist",
			);
			runOnlyForDeploymentPostprocessing = 0;
			shellPath = /bin/sh;
			shellScript = "\"${PODS_ROOT}/Target Support Files/Pods-trombone/Pods-trombone-resources.sh\"\n";
			showEnvVarsInLog = 0;
		};
		F6A41C54EA430FDDC6A6ED99 /* [CP] Copy Pods Resources */ = {
			isa = PBXShellScriptBuildPhase;
			buildActionMask = 2147483647;
			files = (
			);
			inputFileListPaths = (
				"${PODS_ROOT}/Target Support Files/Pods-trombone-tromboneTests/Pods-trombone-tromboneTests-resources-${CONFIGURATION}-input-files.xcfilelist",
			);
			name = "[CP] Copy Pods Resources";
			outputFileListPaths = (
				"${PODS_ROOT}/Target Support Files/Pods-trombone-tromboneTests/Pods-trombone-tromboneTests-resources-${CONFIGURATION}-output-files.xcfilelist",
			);
			runOnlyForDeploymentPostprocessing = 0;
			shellPath = /bin/sh;
			shellScript = "\"${PODS_ROOT}/Target Support Files/Pods-trombone-tromboneTests/Pods-trombone-tromboneTests-resources.sh\"\n";
			showEnvVarsInLog = 0;
		};
		FD10A7F022414F080027D42C /* Start Packager */ = {
			isa = PBXShellScriptBuildPhase;
			buildActionMask = 2147483647;
			files = (
			);
			inputFileListPaths = (
			);
			inputPaths = (
			);
			name = "Start Packager";
			outputFileListPaths = (
			);
			outputPaths = (
			);
			runOnlyForDeploymentPostprocessing = 0;
			shellPath = /bin/sh;
			shellScript = "export RCT_METRO_PORT=\"${RCT_METRO_PORT:=8081}\"\necho \"export RCT_METRO_PORT=${RCT_METRO_PORT}\" > \"${SRCROOT}/../node_modules/react-native/scripts/.packager.env\"\nif [ -z \"${RCT_NO_LAUNCH_PACKAGER+xxx}\" ] ; then\n  if nc -w 5 -z localhost ${RCT_METRO_PORT} ; then\n    if ! curl -s \"http://localhost:${RCT_METRO_PORT}/status\" | grep -q \"packager-status:running\" ; then\n      echo \"Port ${RCT_METRO_PORT} already in use, packager is either not running or not running correctly\"\n      exit 2\n    fi\n  else\n    open \"$SRCROOT/../node_modules/react-native/scripts/launchPackager.command\" || echo \"Can't start packager automatically\"\n  fi\nfi\n";
			showEnvVarsInLog = 0;
		};
/* End PBXShellScriptBuildPhase section */

/* Begin PBXSourcesBuildPhase section */
		00E356EA1AD99517003FC87E /* Sources */ = {
			isa = PBXSourcesBuildPhase;
			buildActionMask = 2147483647;
			files = (
				00E356F31AD99517003FC87E /* tromboneTests.m in Sources */,
			);
			runOnlyForDeploymentPostprocessing = 0;
		};
		13B07F871A680F5B00A75B9A /* Sources */ = {
			isa = PBXSourcesBuildPhase;
			buildActionMask = 2147483647;
			files = (
				13B07FBC1A68108700A75B9A /* AppDelegate.mm in Sources */,
				13B07FC11A68108700A75B9A /* main.m in Sources */,
			);
			runOnlyForDeploymentPostprocessing = 0;
		};
/* End PBXSourcesBuildPhase section */

/* Begin PBXTargetDependency section */
		00E356F51AD99517003FC87E /* PBXTargetDependency */ = {
			isa = PBXTargetDependency;
			target = 13B07F861A680F5B00A75B9A /* trombone */;
			targetProxy = 00E356F41AD99517003FC87E /* PBXContainerItemProxy */;
		};
/* End PBXTargetDependency section */

/* Begin XCBuildConfiguration section */
		00E356F61AD99517003FC87E /* Debug */ = {
			isa = XCBuildConfiguration;
			baseConfigurationReference = 5B7EB9410499542E8C5724F5 /* Pods-trombone-tromboneTests.debug.xcconfig */;
			buildSettings = {
				BUNDLE_LOADER = "$(TEST_HOST)";
				GCC_PREPROCESSOR_DEFINITIONS = (
					"DEBUG=1",
					"$(inherited)",
				);
				INFOPLIST_FILE = tromboneTests/Info.plist;
				IPHONEOS_DEPLOYMENT_TARGET = 12.4;
				LD_RUNPATH_SEARCH_PATHS = (
					"$(inherited)",
					"@executable_path/Frameworks",
					"@loader_path/Frameworks",
				);
				OTHER_LDFLAGS = (
					"-ObjC",
					"-lc++",
					"$(inherited)",
				);
				PRODUCT_BUNDLE_IDENTIFIER = "org.reactjs.native.example.$(PRODUCT_NAME:rfc1034identifier)";
				PRODUCT_NAME = "$(TARGET_NAME)";
				TEST_HOST = "$(BUILT_PRODUCTS_DIR)/trombone.app/trombone";
			};
			name = Debug;
		};
		00E356F71AD99517003FC87E /* Release */ = {
			isa = XCBuildConfiguration;
			baseConfigurationReference = 89C6BE57DB24E9ADA2F236DE /* Pods-trombone-tromboneTests.release.xcconfig */;
			buildSettings = {
				BUNDLE_LOADER = "$(TEST_HOST)";
				COPY_PHASE_STRIP = NO;
				INFOPLIST_FILE = tromboneTests/Info.plist;
				IPHONEOS_DEPLOYMENT_TARGET = 12.4;
				LD_RUNPATH_SEARCH_PATHS = (
					"$(inherited)",
					"@executable_path/Frameworks",
					"@loader_path/Frameworks",
				);
				OTHER_LDFLAGS = (
					"-ObjC",
					"-lc++",
					"$(inherited)",
				);
				PRODUCT_BUNDLE_IDENTIFIER = "org.reactjs.native.example.$(PRODUCT_NAME:rfc1034identifier)";
				PRODUCT_NAME = "$(TARGET_NAME)";
				TEST_HOST = "$(BUILT_PRODUCTS_DIR)/trombone.app/trombone";
			};
			name = Release;
		};
		13B07F941A680F5B00A75B9A /* Debug */ = {
			isa = XCBuildConfiguration;
			baseConfigurationReference = 3B4392A12AC88292D35C810B /* Pods-trombone.debug.xcconfig */;
			buildSettings = {
				ASSETCATALOG_COMPILER_APPICON_NAME = AppIcon;
				CLANG_ENABLE_MODULES = YES;
				CURRENT_PROJECT_VERSION = 1;
				ENABLE_BITCODE = NO;
				INFOPLIST_FILE = trombone/Info.plist;
				LD_RUNPATH_SEARCH_PATHS = (
					"$(inherited)",
					"@executable_path/Frameworks",
				);
				MARKETING_VERSION = 1.0;
				OTHER_LDFLAGS = (
					"$(inherited)",
					"-ObjC",
					"-lc++",
				);
				PRODUCT_BUNDLE_IDENTIFIER = "org.reactjs.native.example.$(PRODUCT_NAME:rfc1034identifier)";
				PRODUCT_NAME = trombone;
				SWIFT_OPTIMIZATION_LEVEL = "-Onone";
				SWIFT_VERSION = 5.0;
				VERSIONING_SYSTEM = "apple-generic";
			};
			name = Debug;
		};
		13B07F951A680F5B00A75B9A /* Release */ = {
			isa = XCBuildConfiguration;
			baseConfigurationReference = 5709B34CF0A7D63546082F79 /* Pods-trombone.release.xcconfig */;
			buildSettings = {
				ASSETCATALOG_COMPILER_APPICON_NAME = AppIcon;
				CLANG_ENABLE_MODULES = YES;
				CURRENT_PROJECT_VERSION = 1;
				INFOPLIST_FILE = trombone/Info.plist;
				LD_RUNPATH_SEARCH_PATHS = (
					"$(inherited)",
					"@executable_path/Frameworks",
				);
				MARKETING_VERSION = 1.0;
				OTHER_LDFLAGS = (
					"$(inherited)",
					"-ObjC",
					"-lc++",
				);
				PRODUCT_BUNDLE_IDENTIFIER = "org.reactjs.native.example.$(PRODUCT_NAME:rfc1034identifier)";
				PRODUCT_NAME = trombone;
				SWIFT_VERSION = 5.0;
				VERSIONING_SYSTEM = "apple-generic";
			};
			name = Release;
		};
		83CBBA201A601CBA00E9B192 /* Debug */ = {
			isa = XCBuildConfiguration;
			buildSettings = {
				ALWAYS_SEARCH_USER_PATHS = NO;
				CLANG_ANALYZER_LOCALIZABILITY_NONLOCALIZED = YES;
				CLANG_CXX_LANGUAGE_STANDARD = "c++17";
				CLANG_CXX_LIBRARY = "libc++";
				CLANG_ENABLE_MODULES = YES;
				CLANG_ENABLE_OBJC_ARC = YES;
				CLANG_WARN_BLOCK_CAPTURE_AUTORELEASING = YES;
				CLANG_WARN_BOOL_CONVERSION = YES;
				CLANG_WARN_COMMA = YES;
				CLANG_WARN_CONSTANT_CONVERSION = YES;
				CLANG_WARN_DEPRECATED_OBJC_IMPLEMENTATIONS = YES;
				CLANG_WARN_DIRECT_OBJC_ISA_USAGE = YES_ERROR;
				CLANG_WARN_EMPTY_BODY = YES;
				CLANG_WARN_ENUM_CONVERSION = YES;
				CLANG_WARN_INFINITE_RECURSION = YES;
				CLANG_WARN_INT_CONVERSION = YES;
				CLANG_WARN_NON_LITERAL_NULL_CONVERSION = YES;
				CLANG_WARN_OBJC_IMPLICIT_RETAIN_SELF = YES;
				CLANG_WARN_OBJC_LITERAL_CONVERSION = YES;
				CLANG_WARN_OBJC_ROOT_CLASS = YES_ERROR;
				CLANG_WARN_QUOTED_INCLUDE_IN_FRAMEWORK_HEADER = YES;
				CLANG_WARN_RANGE_LOOP_ANALYSIS = YES;
				CLANG_WARN_STRICT_PROTOTYPES = YES;
				CLANG_WARN_SUSPICIOUS_MOVE = YES;
				CLANG_WARN_UNREACHABLE_CODE = YES;
				CLANG_WARN__DUPLICATE_METHOD_MATCH = YES;
				"CODE_SIGN_IDENTITY[sdk=iphoneos*]" = "iPhone Developer";
				COPY_PHASE_STRIP = NO;
				ENABLE_STRICT_OBJC_MSGSEND = YES;
				ENABLE_TESTABILITY = YES;
				"EXCLUDED_ARCHS[sdk=iphonesimulator*]" = "";
				GCC_C_LANGUAGE_STANDARD = gnu99;
				GCC_DYNAMIC_NO_PIC = NO;
				GCC_NO_COMMON_BLOCKS = YES;
				GCC_OPTIMIZATION_LEVEL = 0;
				GCC_PREPROCESSOR_DEFINITIONS = (
					"DEBUG=1",
					"$(inherited)",
				);
				GCC_SYMBOLS_PRIVATE_EXTERN = NO;
				GCC_WARN_64_TO_32_BIT_CONVERSION = YES;
				GCC_WARN_ABOUT_RETURN_TYPE = YES_ERROR;
				GCC_WARN_UNDECLARED_SELECTOR = YES;
				GCC_WARN_UNINITIALIZED_AUTOS = YES_AGGRESSIVE;
				GCC_WARN_UNUSED_FUNCTION = YES;
				GCC_WARN_UNUSED_VARIABLE = YES;
				IPHONEOS_DEPLOYMENT_TARGET = 12.4;
				LD_RUNPATH_SEARCH_PATHS = (
					/usr/lib/swift,
					"$(inherited)",
				);
				LIBRARY_SEARCH_PATHS = (
					"\"$(SDKROOT)/usr/lib/swift\"",
					"\"$(TOOLCHAIN_DIR)/usr/lib/swift/$(PLATFORM_NAME)\"",
					"\"$(inherited)\"",
				);
				MTL_ENABLE_DEBUG_INFO = YES;
				ONLY_ACTIVE_ARCH = YES;
				OTHER_CPLUSPLUSFLAGS = (
					"$(OTHER_CFLAGS)",
					"-DFOLLY_NO_CONFIG",
					"-DFOLLY_MOBILE=1",
					"-DFOLLY_USE_LIBCPP=1",
				);
				SDKROOT = iphoneos;
			};
			name = Debug;
		};
		83CBBA211A601CBA00E9B192 /* Release */ = {
			isa = XCBuildConfiguration;
			buildSettings = {
				ALWAYS_SEARCH_USER_PATHS = NO;
				CLANG_ANALYZER_LOCALIZABILITY_NONLOCALIZED = YES;
				CLANG_CXX_LANGUAGE_STANDARD = "c++17";
				CLANG_CXX_LIBRARY = "libc++";
				CLANG_ENABLE_MODULES = YES;
				CLANG_ENABLE_OBJC_ARC = YES;
				CLANG_WARN_BLOCK_CAPTURE_AUTORELEASING = YES;
				CLANG_WARN_BOOL_CONVERSION = YES;
				CLANG_WARN_COMMA = YES;
				CLANG_WARN_CONSTANT_CONVERSION = YES;
				CLANG_WARN_DEPRECATED_OBJC_IMPLEMENTATIONS = YES;
				CLANG_WARN_DIRECT_OBJC_ISA_USAGE = YES_ERROR;
				CLANG_WARN_EMPTY_BODY = YES;
				CLANG_WARN_ENUM_CONVERSION = YES;
				CLANG_WARN_INFINITE_RECURSION = YES;
				CLANG_WARN_INT_CONVERSION = YES;
				CLANG_WARN_NON_LITERAL_NULL_CONVERSION = YES;
				CLANG_WARN_OBJC_IMPLICIT_RETAIN_SELF = YES;
				CLANG_WARN_OBJC_LITERAL_CONVERSION = YES;
				CLANG_WARN_OBJC_ROOT_CLASS = YES_ERROR;
				CLANG_WARN_QUOTED_INCLUDE_IN_FRAMEWORK_HEADER = YES;
				CLANG_WARN_RANGE_LOOP_ANALYSIS = YES;
				CLANG_WARN_STRICT_PROTOTYPES = YES;
				CLANG_WARN_SUSPICIOUS_MOVE = YES;
				CLANG_WARN_UNREACHABLE_CODE = YES;
				CLANG_WARN__DUPLICATE_METHOD_MATCH = YES;
				"CODE_SIGN_IDENTITY[sdk=iphoneos*]" = "iPhone Developer";
				COPY_PHASE_STRIP = YES;
				ENABLE_NS_ASSERTIONS = NO;
				ENABLE_STRICT_OBJC_MSGSEND = YES;
				"EXCLUDED_ARCHS[sdk=iphonesimulator*]" = "";
				GCC_C_LANGUAGE_STANDARD = gnu99;
				GCC_NO_COMMON_BLOCKS = YES;
				GCC_WARN_64_TO_32_BIT_CONVERSION = YES;
				GCC_WARN_ABOUT_RETURN_TYPE = YES_ERROR;
				GCC_WARN_UNDECLARED_SELECTOR = YES;
				GCC_WARN_UNINITIALIZED_AUTOS = YES_AGGRESSIVE;
				GCC_WARN_UNUSED_FUNCTION = YES;
				GCC_WARN_UNUSED_VARIABLE = YES;
				IPHONEOS_DEPLOYMENT_TARGET = 12.4;
				LD_RUNPATH_SEARCH_PATHS = (
					/usr/lib/swift,
					"$(inherited)",
				);
				LIBRARY_SEARCH_PATHS = (
					"\"$(SDKROOT)/usr/lib/swift\"",
					"\"$(TOOLCHAIN_DIR)/usr/lib/swift/$(PLATFORM_NAME)\"",
					"\"$(inherited)\"",
				);
				MTL_ENABLE_DEBUG_INFO = NO;
				OTHER_CPLUSPLUSFLAGS = (
					"$(OTHER_CFLAGS)",
					"-DFOLLY_NO_CONFIG",
					"-DFOLLY_MOBILE=1",
					"-DFOLLY_USE_LIBCPP=1",
				);
				SDKROOT = iphoneos;
				VALIDATE_PRODUCT = YES;
			};
			name = Release;
		};
/* End XCBuildConfiguration section */

/* Begin XCConfigurationList section */
		00E357021AD99517003FC87E /* Build configuration list for PBXNativeTarget "tromboneTests" */ = {
			isa = XCConfigurationList;
			buildConfigurations = (
				00E356F61AD99517003FC87E /* Debug */,
				00E356F71AD99517003FC87E /* Release */,
			);
			defaultConfigurationIsVisible = 0;
			defaultConfigurationName = Release;
		};
		13B07F931A680F5B00A75B9A /* Build configuration list for PBXNativeTarget "trombone" */ = {
			isa = XCConfigurationList;
			buildConfigurations = (
				13B07F941A680F5B00A75B9A /* Debug */,
				13B07F951A680F5B00A75B9A /* Release */,
			);
			defaultConfigurationIsVisible = 0;
			defaultConfigurationName = Release;
		};
		83CBB9FA1A601CBA00E9B192 /* Build configuration list for PBXProject "trombone" */ = {
			isa = XCConfigurationList;
			buildConfigurations = (
				83CBBA201A601CBA00E9B192 /* Debug */,
				83CBBA211A601CBA00E9B192 /* Release */,
			);
			defaultConfigurationIsVisible = 0;
			defaultConfigurationName = Release;
		};
/* End XCConfigurationList section */
	};
	rootObject = 83CBB9F71A601CBA00E9B192 /* Project object */;
}
